
Microsoft Visual Studio Solution File, Format Version 12.00
# Visual Studio Version 17
VisualStudioVersion = 17.14.36109.1
MinimumVisualStudioVersion = 10.0.40219.1
Project("{2150E333-8FDC-42A3-9474-1A3956D46DE8}") = "task0", "task0", "{36D591C7-65C7-A0D1-1CBC-10CDE441BDC8}"
EndProject
Project("{2150E333-8FDC-42A3-9474-1A3956D46DE8}") = "task1", "task1", "{D6858774-1E5E-4412-B22F-1517CCCD78A1}"
EndProject
Project("{2150E333-8FDC-42A3-9474-1A3956D46DE8}") = "task2", "task2", "{79770287-F7B8-4FF6-8D36-E6FAD5B7A203}"
EndProject
Project("{2150E333-8FDC-42A3-9474-1A3956D46DE8}") = "task3", "task3", "{713F5148-6B75-4FE5-8964-12AE35421AB0}"
EndProject
Project("{2150E333-8FDC-42A3-9474-1A3956D46DE8}") = "task4", "task4", "{BB44A09B-28A2-4D24-A072-23DC06A51C7B}"
EndProject
Project("{2150E333-8FDC-42A3-9474-1A3956D46DE8}") = "task5", "task5", "{9BB0ABAB-1DBA-43FE-9D66-B97821622D96}"
EndProject
Project("{2150E333-8FDC-42A3-9474-1A3956D46DE8}") = "task6", "task6", "{C3F0D319-B204-454C-9E14-9845231B7634}"
EndProject
Project("{2150E333-8FDC-42A3-9474-1A3956D46DE8}") = "task7", "task7", "{2BBC91C8-CC6D-4E0B-9489-E303EB870688}"
EndProject
Project("{FAE04EC0-301F-11D3-BF4B-00C04F79EFBC}") = "Tyuiu.NovikovD.Sprint2.Task0.V11", "Tyuiu.NovikovD.Sprint1.Task0.V21\Tyuiu.NovikovD.Sprint2.Task0.V11.csproj", "{D0D4F039-AF52-4199-9AA3-F8CA68D2720F}"
EndProject
Project("{FAE04EC0-301F-11D3-BF4B-00C04F79EFBC}") = "Tyuiu.NovikovD.Sprint2.Task0.V11.Lib", "Tyuiu.NovikovD.Sprint1.Task0.V21.lib\Tyuiu.NovikovD.Sprint2.Task0.V11.Lib.csproj", "{357518EF-4D00-49A5-B0D1-3AC1A07CACF6}"
EndProject
Project("{FAE04EC0-301F-11D3-BF4B-00C04F79EFBC}") = "Tyuiu.NovikovD.Sprint2.Task0.V11.Test", "Tyuiu.NovikovD.Sprint1.Task0.V21.Test\Tyuiu.NovikovD.Sprint2.Task0.V11.Test.csproj", "{054D4F9A-A383-491D-ACEE-723895EDC41B}"
EndProject
Project("{FAE04EC0-301F-11D3-BF4B-00C04F79EFBC}") = "Tyuiu.NovikovD.Sprint2.Task0.V11", "Tyuiu.NovikovD.Sprint1.Task1.V10\Tyuiu.NovikovD.Sprint2.Task0.V11.csproj", "{E383B25F-0C76-4A3F-8B2B-1BCE2A164DEC}"
EndProject
Project("{FAE04EC0-301F-11D3-BF4B-00C04F79EFBC}") = "Tyuiu.NovikovD.Sprint2.Task0.V11.Lib", "Tyuiu.NovikovD.Sprint1.Task1.V10.Lib\Tyuiu.NovikovD.Sprint2.Task0.V11.Lib.csproj", "{74781911-ABBB-4615-8756-6608450BBDBE}"
EndProject
Project("{FAE04EC0-301F-11D3-BF4B-00C04F79EFBC}") = "Tyuiu.NovikovD.Sprint2.Task0.V11.Test", "Tyuiu.NovikovD.Sprint1.Task1.V10.Test\Tyuiu.NovikovD.Sprint2.Task0.V11.Test.csproj", "{C5B04970-38D6-4F57-B53C-F57E276395EC}"
EndProject
Project("{FAE04EC0-301F-11D3-BF4B-00C04F79EFBC}") = "Tyuiu.NovikovD.Sprint2.Task2.V9", "Tyuiu.NovikovD.Sprint1.Task2.V3\Tyuiu.NovikovD.Sprint2.Task2.V9.csproj", "{997E44D7-CACD-42D1-891A-223182B138EE}"
EndProject
Project("{FAE04EC0-301F-11D3-BF4B-00C04F79EFBC}") = "Tyuiu.NovikovD.Sprint2.Task2.V9.Lib", "Tyuiu.NovikovD.Sprint1.Task2.V3.Lib\Tyuiu.NovikovD.Sprint2.Task2.V9.Lib.csproj", "{79A65AA4-595A-4152-A6EE-970508F520CD}"
EndProject
Project("{FAE04EC0-301F-11D3-BF4B-00C04F79EFBC}") = "Tyuiu.NovikovD.Sprint2.Task2.V9.Test", "Tyuiu.NovikovD.Sprint1.Task2.V3.Test\Tyuiu.NovikovD.Sprint2.Task2.V9.Test.csproj", "{C71F6DAA-1017-49C3-82DB-D19E07AA2F0F}"
EndProject
Project("{FAE04EC0-301F-11D3-BF4B-00C04F79EFBC}") = "Tyuiu.NovikovD.Sprint2.Task3.V11", "Tyuiu.NovikovD.Sprint1.Task3.V7\Tyuiu.NovikovD.Sprint2.Task3.V11.csproj", "{087C0C9C-E7F2-4D42-B8DD-DD2F3EEA50B3}"
EndProject
Project("{FAE04EC0-301F-11D3-BF4B-00C04F79EFBC}") = "Tyuiu.NovikovD.Sprint2.Task3.V11.Lib", "Tyuiu.NovikovD.Sprint1.Task3.V7.Lib\Tyuiu.NovikovD.Sprint2.Task3.V11.Lib.csproj", "{A85652C3-2850-422A-902C-807E8F2301BE}"
EndProject
Project("{FAE04EC0-301F-11D3-BF4B-00C04F79EFBC}") = "Tyuiu.NovikovD.Sprint2.Task3.V11.Test", "Tyuiu.NovikovD.Sprint1.Task3.V7.Test\Tyuiu.NovikovD.Sprint2.Task3.V11.Test.csproj", "{3E897747-DD0A-4B2B-8075-79F280F919F0}"
EndProject
Project("{FAE04EC0-301F-11D3-BF4B-00C04F79EFBC}") = "Tyuiu.NovikovD.Sprint2.Task4.V14", "Tyuiu.NovikovD.Sprint1.Task4.V24\Tyuiu.NovikovD.Sprint2.Task4.V14.csproj", "{11E14A20-FB21-42D5-AB39-B35953D1BF2F}"
EndProject
Project("{FAE04EC0-301F-11D3-BF4B-00C04F79EFBC}") = "Tyuiu.NovikovD.Sprint2.Task4.V14.Lib", "Tyuiu.NovikovD.Sprint1.Task4.V24.Lib\Tyuiu.NovikovD.Sprint2.Task4.V14.Lib.csproj", "{6B549429-09C5-4C8F-AE80-0E22677133FD}"
EndProject
Project("{FAE04EC0-301F-11D3-BF4B-00C04F79EFBC}") = "Tyuiu.NovikovD.Sprint2.Task4.V14.Test", "Tyuiu.NovikovD.Sprint1.Task4.V24.Test\Tyuiu.NovikovD.Sprint2.Task4.V14.Test.csproj", "{F150DCF1-4557-494F-9968-883BDDF7B3A8}"
EndProject
Project("{FAE04EC0-301F-11D3-BF4B-00C04F79EFBC}") = "Tyuiu.NovikovD.Sprint2.Task5.V5", "Tyuiu.NovikovD.Sprint1.Task5.V4\Tyuiu.NovikovD.Sprint2.Task5.V5.csproj", "{6E8F180E-B0BC-46BC-B0D9-9620249E6DD7}"
EndProject
Project("{FAE04EC0-301F-11D3-BF4B-00C04F79EFBC}") = "Tyuiu.NovikovD.Sprint2.Task5.V5.Lib", "Tyuiu.NovikovD.Sprint1.Task5.V4.Lib\Tyuiu.NovikovD.Sprint2.Task5.V5.Lib.csproj", "{3B942C3F-9711-4A7F-8235-1881D672C9BA}"
EndProject
Project("{FAE04EC0-301F-11D3-BF4B-00C04F79EFBC}") = "Tyuiu.NovikovD.Sprint2.Task5.V5.Test", "Tyuiu.NovikovD.Sprint1.Task5.V4.Test\Tyuiu.NovikovD.Sprint2.Task5.V5.Test.csproj", "{DB990D26-4D07-4935-93DB-1ED81844F0FD}"
EndProject
Project("{FAE04EC0-301F-11D3-BF4B-00C04F79EFBC}") = "Tyuiu.NovikovD.Sprint2.Task6.V3", "Tyuiu.NovikovD.Sprint1.Task6.V9\Tyuiu.NovikovD.Sprint2.Task6.V3.csproj", "{5968E07F-1A27-4578-AD92-BA806C799C54}"
EndProject
Project("{FAE04EC0-301F-11D3-BF4B-00C04F79EFBC}") = "Tyuiu.NovikovD.Sprint2.Task6.V3.Lib", "Tyuiu.NovikovD.Sprint1.Task6.V9.Lib\Tyuiu.NovikovD.Sprint2.Task6.V3.Lib.csproj", "{E4CF0D13-6E44-43A8-B8B1-6A29B2EE3952}"
EndProject
Project("{FAE04EC0-301F-11D3-BF4B-00C04F79EFBC}") = "Tyuiu.NovikovD.Sprint2.Task6.V3.Test", "Tyuiu.NovikovD.Sprint1.Task6.V9.Test\Tyuiu.NovikovD.Sprint2.Task6.V3.Test.csproj", "{56161460-77D0-458A-8CB6-54F7847ED2BF}"
EndProject
Project("{FAE04EC0-301F-11D3-BF4B-00C04F79EFBC}") = "Tyuiu.NovikovD.Sprint2.Task7.V8", "Tyuiu.NovikovD.Sprint1.Task7.V29\Tyuiu.NovikovD.Sprint2.Task7.V8.csproj", "{599054A0-9289-4386-B61E-4548FA361B22}"
EndProject
Project("{FAE04EC0-301F-11D3-BF4B-00C04F79EFBC}") = "Tyuiu.NovikovD.Sprint2.Task7.V8.Lib", "Tyuiu.NovikovD.Sprint1.Task7.V29.Lib\Tyuiu.NovikovD.Sprint2.Task7.V8.Lib.csproj", "{07B1C22E-CD51-4F78-A44E-90E137C7F78F}"
EndProject
Project("{FAE04EC0-301F-11D3-BF4B-00C04F79EFBC}") = "Tyuiu.NovikovD.Sprint2.Task7.V8.Test", "Tyuiu.NovikovD.Sprint1.Task7.V29.Test\Tyuiu.NovikovD.Sprint2.Task7.V8.Test.csproj", "{BDF8BC4F-6DBF-492F-B04A-B200AE075007}"
EndProject
Project("{2150E333-8FDC-42A3-9474-1A3956D46DE8}") = "DLL", "DLL", "{629EC914-B958-442C-AF69-124EA7DDB570}"
	ProjectSection(SolutionItems) = preProject
		..\..\..\Downloads\tyuiu.cources.programming.interfaces (1).dll = ..\..\..\Downloads\tyuiu.cources.programming.interfaces (1).dll
	EndProjectSection
EndProject
Project("{2150E333-8FDC-42A3-9474-1A3956D46DE8}") = "SprintReview", "SprintReview", "{1C42A14A-AB94-4D9E-83D2-E54AB38D03F5}"
EndProject
Project("{FAE04EC0-301F-11D3-BF4B-00C04F79EFBC}") = "Tyuiu.NovikovD.Sprint2.SprintReview.V3", "Tyuiu.NovikovD.SprintReview.TaskReview.V20\Tyuiu.NovikovD.Sprint2.SprintReview.V3.csproj", "{1BB572E3-FFF2-4F34-8AE2-C05946D04800}"
EndProject
Project("{FAE04EC0-301F-11D3-BF4B-00C04F79EFBC}") = "Tyuiu.NovikovD.Sprint2.SprintReview.V3.Lib", "Tyuiu.NovikovD.SprintReview.TaskReview.V20.Lib\Tyuiu.NovikovD.Sprint2.SprintReview.V3.Lib.csproj", "{E757BACB-BE51-4C06-9478-513C073E575E}"
EndProject
Project("{FAE04EC0-301F-11D3-BF4B-00C04F79EFBC}") = "Tyuiu.NovikovD.Sprint2.SprintReview.V3.Test", "Tyuiu.NovikovD.SprintReview.TaskReview.V20.Test\Tyuiu.NovikovD.Sprint2.SprintReview.V3.Test.csproj", "{28DE4131-D6AE-4B4C-83B7-3B05F1EB19FA}"
EndProject
Global
	GlobalSection(SolutionConfigurationPlatforms) = preSolution
		Debug|Any CPU = Debug|Any CPU
		Debug|x64 = Debug|x64
		Debug|x86 = Debug|x86
		Release|Any CPU = Release|Any CPU
		Release|x64 = Release|x64
		Release|x86 = Release|x86
	EndGlobalSection
	GlobalSection(ProjectConfigurationPlatforms) = postSolution
		{D0D4F039-AF52-4199-9AA3-F8CA68D2720F}.Debug|Any CPU.ActiveCfg = Debug|Any CPU
		{D0D4F039-AF52-4199-9AA3-F8CA68D2720F}.Debug|Any CPU.Build.0 = Debug|Any CPU
		{D0D4F039-AF52-4199-9AA3-F8CA68D2720F}.Debug|x64.ActiveCfg = Debug|Any CPU
		{D0D4F039-AF52-4199-9AA3-F8CA68D2720F}.Debug|x64.Build.0 = Debug|Any CPU
		{D0D4F039-AF52-4199-9AA3-F8CA68D2720F}.Debug|x86.ActiveCfg = Debug|Any CPU
		{D0D4F039-AF52-4199-9AA3-F8CA68D2720F}.Debug|x86.Build.0 = Debug|Any CPU
		{D0D4F039-AF52-4199-9AA3-F8CA68D2720F}.Release|Any CPU.ActiveCfg = Release|Any CPU
		{D0D4F039-AF52-4199-9AA3-F8CA68D2720F}.Release|Any CPU.Build.0 = Release|Any CPU
		{D0D4F039-AF52-4199-9AA3-F8CA68D2720F}.Release|x64.ActiveCfg = Release|Any CPU
		{D0D4F039-AF52-4199-9AA3-F8CA68D2720F}.Release|x64.Build.0 = Release|Any CPU
		{D0D4F039-AF52-4199-9AA3-F8CA68D2720F}.Release|x86.ActiveCfg = Release|Any CPU
		{D0D4F039-AF52-4199-9AA3-F8CA68D2720F}.Release|x86.Build.0 = Release|Any CPU
		{357518EF-4D00-49A5-B0D1-3AC1A07CACF6}.Debug|Any CPU.ActiveCfg = Debug|Any CPU
		{357518EF-4D00-49A5-B0D1-3AC1A07CACF6}.Debug|Any CPU.Build.0 = Debug|Any CPU
		{357518EF-4D00-49A5-B0D1-3AC1A07CACF6}.Debug|x64.ActiveCfg = Debug|Any CPU
		{357518EF-4D00-49A5-B0D1-3AC1A07CACF6}.Debug|x64.Build.0 = Debug|Any CPU
		{357518EF-4D00-49A5-B0D1-3AC1A07CACF6}.Debug|x86.ActiveCfg = Debug|Any CPU
		{357518EF-4D00-49A5-B0D1-3AC1A07CACF6}.Debug|x86.Build.0 = Debug|Any CPU
		{357518EF-4D00-49A5-B0D1-3AC1A07CACF6}.Release|Any CPU.ActiveCfg = Release|Any CPU
		{357518EF-4D00-49A5-B0D1-3AC1A07CACF6}.Release|Any CPU.Build.0 = Release|Any CPU
		{357518EF-4D00-49A5-B0D1-3AC1A07CACF6}.Release|x64.ActiveCfg = Release|Any CPU
		{357518EF-4D00-49A5-B0D1-3AC1A07CACF6}.Release|x64.Build.0 = Release|Any CPU
		{357518EF-4D00-49A5-B0D1-3AC1A07CACF6}.Release|x86.ActiveCfg = Release|Any CPU
		{357518EF-4D00-49A5-B0D1-3AC1A07CACF6}.Release|x86.Build.0 = Release|Any CPU
		{054D4F9A-A383-491D-ACEE-723895EDC41B}.Debug|Any CPU.ActiveCfg = Debug|Any CPU
		{054D4F9A-A383-491D-ACEE-723895EDC41B}.Debug|Any CPU.Build.0 = Debug|Any CPU
		{054D4F9A-A383-491D-ACEE-723895EDC41B}.Debug|x64.ActiveCfg = Debug|Any CPU
		{054D4F9A-A383-491D-ACEE-723895EDC41B}.Debug|x64.Build.0 = Debug|Any CPU
		{054D4F9A-A383-491D-ACEE-723895EDC41B}.Debug|x86.ActiveCfg = Debug|Any CPU
		{054D4F9A-A383-491D-ACEE-723895EDC41B}.Debug|x86.Build.0 = Debug|Any CPU
		{054D4F9A-A383-491D-ACEE-723895EDC41B}.Release|Any CPU.ActiveCfg = Release|Any CPU
		{054D4F9A-A383-491D-ACEE-723895EDC41B}.Release|Any CPU.Build.0 = Release|Any CPU
		{054D4F9A-A383-491D-ACEE-723895EDC41B}.Release|x64.ActiveCfg = Release|Any CPU
		{054D4F9A-A383-491D-ACEE-723895EDC41B}.Release|x64.Build.0 = Release|Any CPU
		{054D4F9A-A383-491D-ACEE-723895EDC41B}.Release|x86.ActiveCfg = Release|Any CPU
		{054D4F9A-A383-491D-ACEE-723895EDC41B}.Release|x86.Build.0 = Release|Any CPU
		{E383B25F-0C76-4A3F-8B2B-1BCE2A164DEC}.Debug|Any CPU.ActiveCfg = Debug|Any CPU
		{E383B25F-0C76-4A3F-8B2B-1BCE2A164DEC}.Debug|Any CPU.Build.0 = Debug|Any CPU
		{E383B25F-0C76-4A3F-8B2B-1BCE2A164DEC}.Debug|x64.ActiveCfg = Debug|Any CPU
		{E383B25F-0C76-4A3F-8B2B-1BCE2A164DEC}.Debug|x64.Build.0 = Debug|Any CPU
		{E383B25F-0C76-4A3F-8B2B-1BCE2A164DEC}.Debug|x86.ActiveCfg = Debug|Any CPU
		{E383B25F-0C76-4A3F-8B2B-1BCE2A164DEC}.Debug|x86.Build.0 = Debug|Any CPU
		{E383B25F-0C76-4A3F-8B2B-1BCE2A164DEC}.Release|Any CPU.ActiveCfg = Release|Any CPU
		{E383B25F-0C76-4A3F-8B2B-1BCE2A164DEC}.Release|Any CPU.Build.0 = Release|Any CPU
		{E383B25F-0C76-4A3F-8B2B-1BCE2A164DEC}.Release|x64.ActiveCfg = Release|Any CPU
		{E383B25F-0C76-4A3F-8B2B-1BCE2A164DEC}.Release|x64.Build.0 = Release|Any CPU
		{E383B25F-0C76-4A3F-8B2B-1BCE2A164DEC}.Release|x86.ActiveCfg = Release|Any CPU
		{E383B25F-0C76-4A3F-8B2B-1BCE2A164DEC}.Release|x86.Build.0 = Release|Any CPU
		{74781911-ABBB-4615-8756-6608450BBDBE}.Debug|Any CPU.ActiveCfg = Debug|Any CPU
		{74781911-ABBB-4615-8756-6608450BBDBE}.Debug|Any CPU.Build.0 = Debug|Any CPU
		{74781911-ABBB-4615-8756-6608450BBDBE}.Debug|x64.ActiveCfg = Debug|Any CPU
		{74781911-ABBB-4615-8756-6608450BBDBE}.Debug|x64.Build.0 = Debug|Any CPU
		{74781911-ABBB-4615-8756-6608450BBDBE}.Debug|x86.ActiveCfg = Debug|Any CPU
		{74781911-ABBB-4615-8756-6608450BBDBE}.Debug|x86.Build.0 = Debug|Any CPU
		{74781911-ABBB-4615-8756-6608450BBDBE}.Release|Any CPU.ActiveCfg = Release|Any CPU
		{74781911-ABBB-4615-8756-6608450BBDBE}.Release|Any CPU.Build.0 = Release|Any CPU
		{74781911-ABBB-4615-8756-6608450BBDBE}.Release|x64.ActiveCfg = Release|Any CPU
		{74781911-ABBB-4615-8756-6608450BBDBE}.Release|x64.Build.0 = Release|Any CPU
		{74781911-ABBB-4615-8756-6608450BBDBE}.Release|x86.ActiveCfg = Release|Any CPU
		{74781911-ABBB-4615-8756-6608450BBDBE}.Release|x86.Build.0 = Release|Any CPU
		{C5B04970-38D6-4F57-B53C-F57E276395EC}.Debug|Any CPU.ActiveCfg = Debug|Any CPU
		{C5B04970-38D6-4F57-B53C-F57E276395EC}.Debug|Any CPU.Build.0 = Debug|Any CPU
		{C5B04970-38D6-4F57-B53C-F57E276395EC}.Debug|x64.ActiveCfg = Debug|Any CPU
		{C5B04970-38D6-4F57-B53C-F57E276395EC}.Debug|x64.Build.0 = Debug|Any CPU
		{C5B04970-38D6-4F57-B53C-F57E276395EC}.Debug|x86.ActiveCfg = Debug|Any CPU
		{C5B04970-38D6-4F57-B53C-F57E276395EC}.Debug|x86.Build.0 = Debug|Any CPU
		{C5B04970-38D6-4F57-B53C-F57E276395EC}.Release|Any CPU.ActiveCfg = Release|Any CPU
		{C5B04970-38D6-4F57-B53C-F57E276395EC}.Release|Any CPU.Build.0 = Release|Any CPU
		{C5B04970-38D6-4F57-B53C-F57E276395EC}.Release|x64.ActiveCfg = Release|Any CPU
		{C5B04970-38D6-4F57-B53C-F57E276395EC}.Release|x64.Build.0 = Release|Any CPU
		{C5B04970-38D6-4F57-B53C-F57E276395EC}.Release|x86.ActiveCfg = Release|Any CPU
		{C5B04970-38D6-4F57-B53C-F57E276395EC}.Release|x86.Build.0 = Release|Any CPU
		{997E44D7-CACD-42D1-891A-223182B138EE}.Debug|Any CPU.ActiveCfg = Debug|Any CPU
		{997E44D7-CACD-42D1-891A-223182B138EE}.Debug|Any CPU.Build.0 = Debug|Any CPU
		{997E44D7-CACD-42D1-891A-223182B138EE}.Debug|x64.ActiveCfg = Debug|Any CPU
		{997E44D7-CACD-42D1-891A-223182B138EE}.Debug|x64.Build.0 = Debug|Any CPU
		{997E44D7-CACD-42D1-891A-223182B138EE}.Debug|x86.ActiveCfg = Debug|Any CPU
		{997E44D7-CACD-42D1-891A-223182B138EE}.Debug|x86.Build.0 = Debug|Any CPU
		{997E44D7-CACD-42D1-891A-223182B138EE}.Release|Any CPU.ActiveCfg = Release|Any CPU
		{997E44D7-CACD-42D1-891A-223182B138EE}.Release|Any CPU.Build.0 = Release|Any CPU
		{997E44D7-CACD-42D1-891A-223182B138EE}.Release|x64.ActiveCfg = Release|Any CPU
		{997E44D7-CACD-42D1-891A-223182B138EE}.Release|x64.Build.0 = Release|Any CPU
		{997E44D7-CACD-42D1-891A-223182B138EE}.Release|x86.ActiveCfg = Release|Any CPU
		{997E44D7-CACD-42D1-891A-223182B138EE}.Release|x86.Build.0 = Release|Any CPU
		{79A65AA4-595A-4152-A6EE-970508F520CD}.Debug|Any CPU.ActiveCfg = Debug|Any CPU
		{79A65AA4-595A-4152-A6EE-970508F520CD}.Debug|Any CPU.Build.0 = Debug|Any CPU
		{79A65AA4-595A-4152-A6EE-970508F520CD}.Debug|x64.ActiveCfg = Debug|Any CPU
		{79A65AA4-595A-4152-A6EE-970508F520CD}.Debug|x64.Build.0 = Debug|Any CPU
		{79A65AA4-595A-4152-A6EE-970508F520CD}.Debug|x86.ActiveCfg = Debug|Any CPU
		{79A65AA4-595A-4152-A6EE-970508F520CD}.Debug|x86.Build.0 = Debug|Any CPU
		{79A65AA4-595A-4152-A6EE-970508F520CD}.Release|Any CPU.ActiveCfg = Release|Any CPU
		{79A65AA4-595A-4152-A6EE-970508F520CD}.Release|Any CPU.Build.0 = Release|Any CPU
		{79A65AA4-595A-4152-A6EE-970508F520CD}.Release|x64.ActiveCfg = Release|Any CPU
		{79A65AA4-595A-4152-A6EE-970508F520CD}.Release|x64.Build.0 = Release|Any CPU
		{79A65AA4-595A-4152-A6EE-970508F520CD}.Release|x86.ActiveCfg = Release|Any CPU
		{79A65AA4-595A-4152-A6EE-970508F520CD}.Release|x86.Build.0 = Release|Any CPU
		{C71F6DAA-1017-49C3-82DB-D19E07AA2F0F}.Debug|Any CPU.ActiveCfg = Debug|Any CPU
		{C71F6DAA-1017-49C3-82DB-D19E07AA2F0F}.Debug|Any CPU.Build.0 = Debug|Any CPU
		{C71F6DAA-1017-49C3-82DB-D19E07AA2F0F}.Debug|x64.ActiveCfg = Debug|Any CPU
		{C71F6DAA-1017-49C3-82DB-D19E07AA2F0F}.Debug|x64.Build.0 = Debug|Any CPU
		{C71F6DAA-1017-49C3-82DB-D19E07AA2F0F}.Debug|x86.ActiveCfg = Debug|Any CPU
		{C71F6DAA-1017-49C3-82DB-D19E07AA2F0F}.Debug|x86.Build.0 = Debug|Any CPU
		{C71F6DAA-1017-49C3-82DB-D19E07AA2F0F}.Release|Any CPU.ActiveCfg = Release|Any CPU
		{C71F6DAA-1017-49C3-82DB-D19E07AA2F0F}.Release|Any CPU.Build.0 = Release|Any CPU
		{C71F6DAA-1017-49C3-82DB-D19E07AA2F0F}.Release|x64.ActiveCfg = Release|Any CPU
		{C71F6DAA-1017-49C3-82DB-D19E07AA2F0F}.Release|x64.Build.0 = Release|Any CPU
		{C71F6DAA-1017-49C3-82DB-D19E07AA2F0F}.Release|x86.ActiveCfg = Release|Any CPU
		{C71F6DAA-1017-49C3-82DB-D19E07AA2F0F}.Release|x86.Build.0 = Release|Any CPU
		{087C0C9C-E7F2-4D42-B8DD-DD2F3EEA50B3}.Debug|Any CPU.ActiveCfg = Debug|Any CPU
		{087C0C9C-E7F2-4D42-B8DD-DD2F3EEA50B3}.Debug|Any CPU.Build.0 = Debug|Any CPU
		{087C0C9C-E7F2-4D42-B8DD-DD2F3EEA50B3}.Debug|x64.ActiveCfg = Debug|Any CPU
		{087C0C9C-E7F2-4D42-B8DD-DD2F3EEA50B3}.Debug|x64.Build.0 = Debug|Any CPU
		{087C0C9C-E7F2-4D42-B8DD-DD2F3EEA50B3}.Debug|x86.ActiveCfg = Debug|Any CPU
		{087C0C9C-E7F2-4D42-B8DD-DD2F3EEA50B3}.Debug|x86.Build.0 = Debug|Any CPU
		{087C0C9C-E7F2-4D42-B8DD-DD2F3EEA50B3}.Release|Any CPU.ActiveCfg = Release|Any CPU
		{087C0C9C-E7F2-4D42-B8DD-DD2F3EEA50B3}.Release|Any CPU.Build.0 = Release|Any CPU
		{087C0C9C-E7F2-4D42-B8DD-DD2F3EEA50B3}.Release|x64.ActiveCfg = Release|Any CPU
		{087C0C9C-E7F2-4D42-B8DD-DD2F3EEA50B3}.Release|x64.Build.0 = Release|Any CPU
		{087C0C9C-E7F2-4D42-B8DD-DD2F3EEA50B3}.Release|x86.ActiveCfg = Release|Any CPU
		{087C0C9C-E7F2-4D42-B8DD-DD2F3EEA50B3}.Release|x86.Build.0 = Release|Any CPU
		{A85652C3-2850-422A-902C-807E8F2301BE}.Debug|Any CPU.ActiveCfg = Debug|Any CPU
		{A85652C3-2850-422A-902C-807E8F2301BE}.Debug|Any CPU.Build.0 = Debug|Any CPU
		{A85652C3-2850-422A-902C-807E8F2301BE}.Debug|x64.ActiveCfg = Debug|Any CPU
		{A85652C3-2850-422A-902C-807E8F2301BE}.Debug|x64.Build.0 = Debug|Any CPU
		{A85652C3-2850-422A-902C-807E8F2301BE}.Debug|x86.ActiveCfg = Debug|Any CPU
		{A85652C3-2850-422A-902C-807E8F2301BE}.Debug|x86.Build.0 = Debug|Any CPU
		{A85652C3-2850-422A-902C-807E8F2301BE}.Release|Any CPU.ActiveCfg = Release|Any CPU
		{A85652C3-2850-422A-902C-807E8F2301BE}.Release|Any CPU.Build.0 = Release|Any CPU
		{A85652C3-2850-422A-902C-807E8F2301BE}.Release|x64.ActiveCfg = Release|Any CPU
		{A85652C3-2850-422A-902C-807E8F2301BE}.Release|x64.Build.0 = Release|Any CPU
		{A85652C3-2850-422A-902C-807E8F2301BE}.Release|x86.ActiveCfg = Release|Any CPU
		{A85652C3-2850-422A-902C-807E8F2301BE}.Release|x86.Build.0 = Release|Any CPU
		{3E897747-DD0A-4B2B-8075-79F280F919F0}.Debug|Any CPU.ActiveCfg = Debug|Any CPU
		{3E897747-DD0A-4B2B-8075-79F280F919F0}.Debug|Any CPU.Build.0 = Debug|Any CPU
		{3E897747-DD0A-4B2B-8075-79F280F919F0}.Debug|x64.ActiveCfg = Debug|Any CPU
		{3E897747-DD0A-4B2B-8075-79F280F919F0}.Debug|x64.Build.0 = Debug|Any CPU
		{3E897747-DD0A-4B2B-8075-79F280F919F0}.Debug|x86.ActiveCfg = Debug|Any CPU
		{3E897747-DD0A-4B2B-8075-79F280F919F0}.Debug|x86.Build.0 = Debug|Any CPU
		{3E897747-DD0A-4B2B-8075-79F280F919F0}.Release|Any CPU.ActiveCfg = Release|Any CPU
		{3E897747-DD0A-4B2B-8075-79F280F919F0}.Release|Any CPU.Build.0 = Release|Any CPU
		{3E897747-DD0A-4B2B-8075-79F280F919F0}.Release|x64.ActiveCfg = Release|Any CPU
		{3E897747-DD0A-4B2B-8075-79F280F919F0}.Release|x64.Build.0 = Release|Any CPU
		{3E897747-DD0A-4B2B-8075-79F280F919F0}.Release|x86.ActiveCfg = Release|Any CPU
		{3E897747-DD0A-4B2B-8075-79F280F919F0}.Release|x86.Build.0 = Release|Any CPU
		{11E14A20-FB21-42D5-AB39-B35953D1BF2F}.Debug|Any CPU.ActiveCfg = Debug|Any CPU
		{11E14A20-FB21-42D5-AB39-B35953D1BF2F}.Debug|Any CPU.Build.0 = Debug|Any CPU
		{11E14A20-FB21-42D5-AB39-B35953D1BF2F}.Debug|x64.ActiveCfg = Debug|Any CPU
		{11E14A20-FB21-42D5-AB39-B35953D1BF2F}.Debug|x64.Build.0 = Debug|Any CPU
		{11E14A20-FB21-42D5-AB39-B35953D1BF2F}.Debug|x86.ActiveCfg = Debug|Any CPU
		{11E14A20-FB21-42D5-AB39-B35953D1BF2F}.Debug|x86.Build.0 = Debug|Any CPU
		{11E14A20-FB21-42D5-AB39-B35953D1BF2F}.Release|Any CPU.ActiveCfg = Release|Any CPU
		{11E14A20-FB21-42D5-AB39-B35953D1BF2F}.Release|Any CPU.Build.0 = Release|Any CPU
		{11E14A20-FB21-42D5-AB39-B35953D1BF2F}.Release|x64.ActiveCfg = Release|Any CPU
		{11E14A20-FB21-42D5-AB39-B35953D1BF2F}.Release|x64.Build.0 = Release|Any CPU
		{11E14A20-FB21-42D5-AB39-B35953D1BF2F}.Release|x86.ActiveCfg = Release|Any CPU
		{11E14A20-FB21-42D5-AB39-B35953D1BF2F}.Release|x86.Build.0 = Release|Any CPU
		{6B549429-09C5-4C8F-AE80-0E22677133FD}.Debug|Any CPU.ActiveCfg = Debug|Any CPU
		{6B549429-09C5-4C8F-AE80-0E22677133FD}.Debug|Any CPU.Build.0 = Debug|Any CPU
		{6B549429-09C5-4C8F-AE80-0E22677133FD}.Debug|x64.ActiveCfg = Debug|Any CPU
		{6B549429-09C5-4C8F-AE80-0E22677133FD}.Debug|x64.Build.0 = Debug|Any CPU
		{6B549429-09C5-4C8F-AE80-0E22677133FD}.Debug|x86.ActiveCfg = Debug|Any CPU
		{6B549429-09C5-4C8F-AE80-0E22677133FD}.Debug|x86.Build.0 = Debug|Any CPU
		{6B549429-09C5-4C8F-AE80-0E22677133FD}.Release|Any CPU.ActiveCfg = Release|Any CPU
		{6B549429-09C5-4C8F-AE80-0E22677133FD}.Release|Any CPU.Build.0 = Release|Any CPU
		{6B549429-09C5-4C8F-AE80-0E22677133FD}.Release|x64.ActiveCfg = Release|Any CPU
		{6B549429-09C5-4C8F-AE80-0E22677133FD}.Release|x64.Build.0 = Release|Any CPU
		{6B549429-09C5-4C8F-AE80-0E22677133FD}.Release|x86.ActiveCfg = Release|Any CPU
		{6B549429-09C5-4C8F-AE80-0E22677133FD}.Release|x86.Build.0 = Release|Any CPU
		{F150DCF1-4557-494F-9968-883BDDF7B3A8}.Debug|Any CPU.ActiveCfg = Debug|Any CPU
		{F150DCF1-4557-494F-9968-883BDDF7B3A8}.Debug|Any CPU.Build.0 = Debug|Any CPU
		{F150DCF1-4557-494F-9968-883BDDF7B3A8}.Debug|x64.ActiveCfg = Debug|Any CPU
		{F150DCF1-4557-494F-9968-883BDDF7B3A8}.Debug|x64.Build.0 = Debug|Any CPU
		{F150DCF1-4557-494F-9968-883BDDF7B3A8}.Debug|x86.ActiveCfg = Debug|Any CPU
		{F150DCF1-4557-494F-9968-883BDDF7B3A8}.Debug|x86.Build.0 = Debug|Any CPU
		{F150DCF1-4557-494F-9968-883BDDF7B3A8}.Release|Any CPU.ActiveCfg = Release|Any CPU
		{F150DCF1-4557-494F-9968-883BDDF7B3A8}.Release|Any CPU.Build.0 = Release|Any CPU
		{F150DCF1-4557-494F-9968-883BDDF7B3A8}.Release|x64.ActiveCfg = Release|Any CPU
		{F150DCF1-4557-494F-9968-883BDDF7B3A8}.Release|x64.Build.0 = Release|Any CPU
		{F150DCF1-4557-494F-9968-883BDDF7B3A8}.Release|x86.ActiveCfg = Release|Any CPU
		{F150DCF1-4557-494F-9968-883BDDF7B3A8}.Release|x86.Build.0 = Release|Any CPU
		{6E8F180E-B0BC-46BC-B0D9-9620249E6DD7}.Debug|Any CPU.ActiveCfg = Debug|Any CPU
		{6E8F180E-B0BC-46BC-B0D9-9620249E6DD7}.Debug|Any CPU.Build.0 = Debug|Any CPU
		{6E8F180E-B0BC-46BC-B0D9-9620249E6DD7}.Debug|x64.ActiveCfg = Debug|Any CPU
		{6E8F180E-B0BC-46BC-B0D9-9620249E6DD7}.Debug|x64.Build.0 = Debug|Any CPU
		{6E8F180E-B0BC-46BC-B0D9-9620249E6DD7}.Debug|x86.ActiveCfg = Debug|Any CPU
		{6E8F180E-B0BC-46BC-B0D9-9620249E6DD7}.Debug|x86.Build.0 = Debug|Any CPU
		{6E8F180E-B0BC-46BC-B0D9-9620249E6DD7}.Release|Any CPU.ActiveCfg = Release|Any CPU
		{6E8F180E-B0BC-46BC-B0D9-9620249E6DD7}.Release|Any CPU.Build.0 = Release|Any CPU
		{6E8F180E-B0BC-46BC-B0D9-9620249E6DD7}.Release|x64.ActiveCfg = Release|Any CPU
		{6E8F180E-B0BC-46BC-B0D9-9620249E6DD7}.Release|x64.Build.0 = Release|Any CPU
		{6E8F180E-B0BC-46BC-B0D9-9620249E6DD7}.Release|x86.ActiveCfg = Release|Any CPU
		{6E8F180E-B0BC-46BC-B0D9-9620249E6DD7}.Release|x86.Build.0 = Release|Any CPU
		{3B942C3F-9711-4A7F-8235-1881D672C9BA}.Debug|Any CPU.ActiveCfg = Debug|Any CPU
		{3B942C3F-9711-4A7F-8235-1881D672C9BA}.Debug|Any CPU.Build.0 = Debug|Any CPU
		{3B942C3F-9711-4A7F-8235-1881D672C9BA}.Debug|x64.ActiveCfg = Debug|Any CPU
		{3B942C3F-9711-4A7F-8235-1881D672C9BA}.Debug|x64.Build.0 = Debug|Any CPU
		{3B942C3F-9711-4A7F-8235-1881D672C9BA}.Debug|x86.ActiveCfg = Debug|Any CPU
		{3B942C3F-9711-4A7F-8235-1881D672C9BA}.Debug|x86.Build.0 = Debug|Any CPU
		{3B942C3F-9711-4A7F-8235-1881D672C9BA}.Release|Any CPU.ActiveCfg = Release|Any CPU
		{3B942C3F-9711-4A7F-8235-1881D672C9BA}.Release|Any CPU.Build.0 = Release|Any CPU
		{3B942C3F-9711-4A7F-8235-1881D672C9BA}.Release|x64.ActiveCfg = Release|Any CPU
		{3B942C3F-9711-4A7F-8235-1881D672C9BA}.Release|x64.Build.0 = Release|Any CPU
		{3B942C3F-9711-4A7F-8235-1881D672C9BA}.Release|x86.ActiveCfg = Release|Any CPU
		{3B942C3F-9711-4A7F-8235-1881D672C9BA}.Release|x86.Build.0 = Release|Any CPU
		{DB990D26-4D07-4935-93DB-1ED81844F0FD}.Debug|Any CPU.ActiveCfg = Debug|Any CPU
		{DB990D26-4D07-4935-93DB-1ED81844F0FD}.Debug|Any CPU.Build.0 = Debug|Any CPU
		{DB990D26-4D07-4935-93DB-1ED81844F0FD}.Debug|x64.ActiveCfg = Debug|Any CPU
		{DB990D26-4D07-4935-93DB-1ED81844F0FD}.Debug|x64.Build.0 = Debug|Any CPU
		{DB990D26-4D07-4935-93DB-1ED81844F0FD}.Debug|x86.ActiveCfg = Debug|Any CPU
		{DB990D26-4D07-4935-93DB-1ED81844F0FD}.Debug|x86.Build.0 = Debug|Any CPU
		{DB990D26-4D07-4935-93DB-1ED81844F0FD}.Release|Any CPU.ActiveCfg = Release|Any CPU
		{DB990D26-4D07-4935-93DB-1ED81844F0FD}.Release|Any CPU.Build.0 = Release|Any CPU
		{DB990D26-4D07-4935-93DB-1ED81844F0FD}.Release|x64.ActiveCfg = Release|Any CPU
		{DB990D26-4D07-4935-93DB-1ED81844F0FD}.Release|x64.Build.0 = Release|Any CPU
		{DB990D26-4D07-4935-93DB-1ED81844F0FD}.Release|x86.ActiveCfg = Release|Any CPU
		{DB990D26-4D07-4935-93DB-1ED81844F0FD}.Release|x86.Build.0 = Release|Any CPU
		{5968E07F-1A27-4578-AD92-BA806C799C54}.Debug|Any CPU.ActiveCfg = Debug|Any CPU
		{5968E07F-1A27-4578-AD92-BA806C799C54}.Debug|Any CPU.Build.0 = Debug|Any CPU
		{5968E07F-1A27-4578-AD92-BA806C799C54}.Debug|x64.ActiveCfg = Debug|Any CPU
		{5968E07F-1A27-4578-AD92-BA806C799C54}.Debug|x64.Build.0 = Debug|Any CPU
		{5968E07F-1A27-4578-AD92-BA806C799C54}.Debug|x86.ActiveCfg = Debug|Any CPU
		{5968E07F-1A27-4578-AD92-BA806C799C54}.Debug|x86.Build.0 = Debug|Any CPU
		{5968E07F-1A27-4578-AD92-BA806C799C54}.Release|Any CPU.ActiveCfg = Release|Any CPU
		{5968E07F-1A27-4578-AD92-BA806C799C54}.Release|Any CPU.Build.0 = Release|Any CPU
		{5968E07F-1A27-4578-AD92-BA806C799C54}.Release|x64.ActiveCfg = Release|Any CPU
		{5968E07F-1A27-4578-AD92-BA806C799C54}.Release|x64.Build.0 = Release|Any CPU
		{5968E07F-1A27-4578-AD92-BA806C799C54}.Release|x86.ActiveCfg = Release|Any CPU
		{5968E07F-1A27-4578-AD92-BA806C799C54}.Release|x86.Build.0 = Release|Any CPU
		{E4CF0D13-6E44-43A8-B8B1-6A29B2EE3952}.Debug|Any CPU.ActiveCfg = Debug|Any CPU
		{E4CF0D13-6E44-43A8-B8B1-6A29B2EE3952}.Debug|Any CPU.Build.0 = Debug|Any CPU
		{E4CF0D13-6E44-43A8-B8B1-6A29B2EE3952}.Debug|x64.ActiveCfg = Debug|Any CPU
		{E4CF0D13-6E44-43A8-B8B1-6A29B2EE3952}.Debug|x64.Build.0 = Debug|Any CPU
		{E4CF0D13-6E44-43A8-B8B1-6A29B2EE3952}.Debug|x86.ActiveCfg = Debug|Any CPU
		{E4CF0D13-6E44-43A8-B8B1-6A29B2EE3952}.Debug|x86.Build.0 = Debug|Any CPU
		{E4CF0D13-6E44-43A8-B8B1-6A29B2EE3952}.Release|Any CPU.ActiveCfg = Release|Any CPU
		{E4CF0D13-6E44-43A8-B8B1-6A29B2EE3952}.Release|Any CPU.Build.0 = Release|Any CPU
		{E4CF0D13-6E44-43A8-B8B1-6A29B2EE3952}.Release|x64.ActiveCfg = Release|Any CPU
		{E4CF0D13-6E44-43A8-B8B1-6A29B2EE3952}.Release|x64.Build.0 = Release|Any CPU
		{E4CF0D13-6E44-43A8-B8B1-6A29B2EE3952}.Release|x86.ActiveCfg = Release|Any CPU
		{E4CF0D13-6E44-43A8-B8B1-6A29B2EE3952}.Release|x86.Build.0 = Release|Any CPU
		{56161460-77D0-458A-8CB6-54F7847ED2BF}.Debug|Any CPU.ActiveCfg = Debug|Any CPU
		{56161460-77D0-458A-8CB6-54F7847ED2BF}.Debug|Any CPU.Build.0 = Debug|Any CPU
		{56161460-77D0-458A-8CB6-54F7847ED2BF}.Debug|x64.ActiveCfg = Debug|Any CPU
		{56161460-77D0-458A-8CB6-54F7847ED2BF}.Debug|x64.Build.0 = Debug|Any CPU
		{56161460-77D0-458A-8CB6-54F7847ED2BF}.Debug|x86.ActiveCfg = Debug|Any CPU
		{56161460-77D0-458A-8CB6-54F7847ED2BF}.Debug|x86.Build.0 = Debug|Any CPU
		{56161460-77D0-458A-8CB6-54F7847ED2BF}.Release|Any CPU.ActiveCfg = Release|Any CPU
		{56161460-77D0-458A-8CB6-54F7847ED2BF}.Release|Any CPU.Build.0 = Release|Any CPU
		{56161460-77D0-458A-8CB6-54F7847ED2BF}.Release|x64.ActiveCfg = Release|Any CPU
		{56161460-77D0-458A-8CB6-54F7847ED2BF}.Release|x64.Build.0 = Release|Any CPU
		{56161460-77D0-458A-8CB6-54F7847ED2BF}.Release|x86.ActiveCfg = Release|Any CPU
		{56161460-77D0-458A-8CB6-54F7847ED2BF}.Release|x86.Build.0 = Release|Any CPU
		{599054A0-9289-4386-B61E-4548FA361B22}.Debug|Any CPU.ActiveCfg = Debug|Any CPU
		{599054A0-9289-4386-B61E-4548FA361B22}.Debug|Any CPU.Build.0 = Debug|Any CPU
		{599054A0-9289-4386-B61E-4548FA361B22}.Debug|x64.ActiveCfg = Debug|Any CPU
		{599054A0-9289-4386-B61E-4548FA361B22}.Debug|x64.Build.0 = Debug|Any CPU
		{599054A0-9289-4386-B61E-4548FA361B22}.Debug|x86.ActiveCfg = Debug|Any CPU
		{599054A0-9289-4386-B61E-4548FA361B22}.Debug|x86.Build.0 = Debug|Any CPU
		{599054A0-9289-4386-B61E-4548FA361B22}.Release|Any CPU.ActiveCfg = Release|Any CPU
		{599054A0-9289-4386-B61E-4548FA361B22}.Release|Any CPU.Build.0 = Release|Any CPU
		{599054A0-9289-4386-B61E-4548FA361B22}.Release|x64.ActiveCfg = Release|Any CPU
		{599054A0-9289-4386-B61E-4548FA361B22}.Release|x64.Build.0 = Release|Any CPU
		{599054A0-9289-4386-B61E-4548FA361B22}.Release|x86.ActiveCfg = Release|Any CPU
		{599054A0-9289-4386-B61E-4548FA361B22}.Release|x86.Build.0 = Release|Any CPU
		{07B1C22E-CD51-4F78-A44E-90E137C7F78F}.Debug|Any CPU.ActiveCfg = Debug|Any CPU
		{07B1C22E-CD51-4F78-A44E-90E137C7F78F}.Debug|Any CPU.Build.0 = Debug|Any CPU
		{07B1C22E-CD51-4F78-A44E-90E137C7F78F}.Debug|x64.ActiveCfg = Debug|Any CPU
		{07B1C22E-CD51-4F78-A44E-90E137C7F78F}.Debug|x64.Build.0 = Debug|Any CPU
		{07B1C22E-CD51-4F78-A44E-90E137C7F78F}.Debug|x86.ActiveCfg = Debug|Any CPU
		{07B1C22E-CD51-4F78-A44E-90E137C7F78F}.Debug|x86.Build.0 = Debug|Any CPU
		{07B1C22E-CD51-4F78-A44E-90E137C7F78F}.Release|Any CPU.ActiveCfg = Release|Any CPU
		{07B1C22E-CD51-4F78-A44E-90E137C7F78F}.Release|Any CPU.Build.0 = Release|Any CPU
		{07B1C22E-CD51-4F78-A44E-90E137C7F78F}.Release|x64.ActiveCfg = Release|Any CPU
		{07B1C22E-CD51-4F78-A44E-90E137C7F78F}.Release|x64.Build.0 = Release|Any CPU
		{07B1C22E-CD51-4F78-A44E-90E137C7F78F}.Release|x86.ActiveCfg = Release|Any CPU
		{07B1C22E-CD51-4F78-A44E-90E137C7F78F}.Release|x86.Build.0 = Release|Any CPU
		{BDF8BC4F-6DBF-492F-B04A-B200AE075007}.Debug|Any CPU.ActiveCfg = Debug|Any CPU
		{BDF8BC4F-6DBF-492F-B04A-B200AE075007}.Debug|Any CPU.Build.0 = Debug|Any CPU
		{BDF8BC4F-6DBF-492F-B04A-B200AE075007}.Debug|x64.ActiveCfg = Debug|Any CPU
		{BDF8BC4F-6DBF-492F-B04A-B200AE075007}.Debug|x64.Build.0 = Debug|Any CPU
		{BDF8BC4F-6DBF-492F-B04A-B200AE075007}.Debug|x86.ActiveCfg = Debug|Any CPU
		{BDF8BC4F-6DBF-492F-B04A-B200AE075007}.Debug|x86.Build.0 = Debug|Any CPU
		{BDF8BC4F-6DBF-492F-B04A-B200AE075007}.Release|Any CPU.ActiveCfg = Release|Any CPU
		{BDF8BC4F-6DBF-492F-B04A-B200AE075007}.Release|Any CPU.Build.0 = Release|Any CPU
		{BDF8BC4F-6DBF-492F-B04A-B200AE075007}.Release|x64.ActiveCfg = Release|Any CPU
		{BDF8BC4F-6DBF-492F-B04A-B200AE075007}.Release|x64.Build.0 = Release|Any CPU
		{BDF8BC4F-6DBF-492F-B04A-B200AE075007}.Release|x86.ActiveCfg = Release|Any CPU
		{BDF8BC4F-6DBF-492F-B04A-B200AE075007}.Release|x86.Build.0 = Release|Any CPU
		{1BB572E3-FFF2-4F34-8AE2-C05946D04800}.Debug|Any CPU.ActiveCfg = Debug|Any CPU
		{1BB572E3-FFF2-4F34-8AE2-C05946D04800}.Debug|Any CPU.Build.0 = Debug|Any CPU
		{1BB572E3-FFF2-4F34-8AE2-C05946D04800}.Debug|x64.ActiveCfg = Debug|Any CPU
		{1BB572E3-FFF2-4F34-8AE2-C05946D04800}.Debug|x64.Build.0 = Debug|Any CPU
		{1BB572E3-FFF2-4F34-8AE2-C05946D04800}.Debug|x86.ActiveCfg = Debug|Any CPU
		{1BB572E3-FFF2-4F34-8AE2-C05946D04800}.Debug|x86.Build.0 = Debug|Any CPU
		{1BB572E3-FFF2-4F34-8AE2-C05946D04800}.Release|Any CPU.ActiveCfg = Release|Any CPU
		{1BB572E3-FFF2-4F34-8AE2-C05946D04800}.Release|Any CPU.Build.0 = Release|Any CPU
		{1BB572E3-FFF2-4F34-8AE2-C05946D04800}.Release|x64.ActiveCfg = Release|Any CPU
		{1BB572E3-FFF2-4F34-8AE2-C05946D04800}.Release|x64.Build.0 = Release|Any CPU
		{1BB572E3-FFF2-4F34-8AE2-C05946D04800}.Release|x86.ActiveCfg = Release|Any CPU
		{1BB572E3-FFF2-4F34-8AE2-C05946D04800}.Release|x86.Build.0 = Release|Any CPU
		{E757BACB-BE51-4C06-9478-513C073E575E}.Debug|Any CPU.ActiveCfg = Debug|Any CPU
		{E757BACB-BE51-4C06-9478-513C073E575E}.Debug|Any CPU.Build.0 = Debug|Any CPU
		{E757BACB-BE51-4C06-9478-513C073E575E}.Debug|x64.ActiveCfg = Debug|Any CPU
		{E757BACB-BE51-4C06-9478-513C073E575E}.Debug|x64.Build.0 = Debug|Any CPU
		{E757BACB-BE51-4C06-9478-513C073E575E}.Debug|x86.ActiveCfg = Debug|Any CPU
		{E757BACB-BE51-4C06-9478-513C073E575E}.Debug|x86.Build.0 = Debug|Any CPU
		{E757BACB-BE51-4C06-9478-513C073E575E}.Release|Any CPU.ActiveCfg = Release|Any CPU
		{E757BACB-BE51-4C06-9478-513C073E575E}.Release|Any CPU.Build.0 = Release|Any CPU
		{E757BACB-BE51-4C06-9478-513C073E575E}.Release|x64.ActiveCfg = Release|Any CPU
		{E757BACB-BE51-4C06-9478-513C073E575E}.Release|x64.Build.0 = Release|Any CPU
		{E757BACB-BE51-4C06-9478-513C073E575E}.Release|x86.ActiveCfg = Release|Any CPU
		{E757BACB-BE51-4C06-9478-513C073E575E}.Release|x86.Build.0 = Release|Any CPU
		{28DE4131-D6AE-4B4C-83B7-3B05F1EB19FA}.Debug|Any CPU.ActiveCfg = Debug|Any CPU
		{28DE4131-D6AE-4B4C-83B7-3B05F1EB19FA}.Debug|Any CPU.Build.0 = Debug|Any CPU
		{28DE4131-D6AE-4B4C-83B7-3B05F1EB19FA}.Debug|x64.ActiveCfg = Debug|Any CPU
		{28DE4131-D6AE-4B4C-83B7-3B05F1EB19FA}.Debug|x64.Build.0 = Debug|Any CPU
		{28DE4131-D6AE-4B4C-83B7-3B05F1EB19FA}.Debug|x86.ActiveCfg = Debug|Any CPU
		{28DE4131-D6AE-4B4C-83B7-3B05F1EB19FA}.Debug|x86.Build.0 = Debug|Any CPU
		{28DE4131-D6AE-4B4C-83B7-3B05F1EB19FA}.Release|Any CPU.ActiveCfg = Release|Any CPU
		{28DE4131-D6AE-4B4C-83B7-3B05F1EB19FA}.Release|Any CPU.Build.0 = Release|Any CPU
		{28DE4131-D6AE-4B4C-83B7-3B05F1EB19FA}.Release|x64.ActiveCfg = Release|Any CPU
		{28DE4131-D6AE-4B4C-83B7-3B05F1EB19FA}.Release|x64.Build.0 = Release|Any CPU
		{28DE4131-D6AE-4B4C-83B7-3B05F1EB19FA}.Release|x86.ActiveCfg = Release|Any CPU
		{28DE4131-D6AE-4B4C-83B7-3B05F1EB19FA}.Release|x86.Build.0 = Release|Any CPU
	EndGlobalSection
	GlobalSection(SolutionProperties) = preSolution
		HideSolutionNode = FALSE
	EndGlobalSection
	GlobalSection(NestedProjects) = preSolution
		{D0D4F039-AF52-4199-9AA3-F8CA68D2720F} = {36D591C7-65C7-A0D1-1CBC-10CDE441BDC8}
		{357518EF-4D00-49A5-B0D1-3AC1A07CACF6} = {36D591C7-65C7-A0D1-1CBC-10CDE441BDC8}
		{054D4F9A-A383-491D-ACEE-723895EDC41B} = {36D591C7-65C7-A0D1-1CBC-10CDE441BDC8}
		{E383B25F-0C76-4A3F-8B2B-1BCE2A164DEC} = {D6858774-1E5E-4412-B22F-1517CCCD78A1}
		{74781911-ABBB-4615-8756-6608450BBDBE} = {D6858774-1E5E-4412-B22F-1517CCCD78A1}
		{C5B04970-38D6-4F57-B53C-F57E276395EC} = {D6858774-1E5E-4412-B22F-1517CCCD78A1}
		{997E44D7-CACD-42D1-891A-223182B138EE} = {79770287-F7B8-4FF6-8D36-E6FAD5B7A203}
		{79A65AA4-595A-4152-A6EE-970508F520CD} = {79770287-F7B8-4FF6-8D36-E6FAD5B7A203}
		{C71F6DAA-1017-49C3-82DB-D19E07AA2F0F} = {79770287-F7B8-4FF6-8D36-E6FAD5B7A203}
		{087C0C9C-E7F2-4D42-B8DD-DD2F3EEA50B3} = {713F5148-6B75-4FE5-8964-12AE35421AB0}
		{A85652C3-2850-422A-902C-807E8F2301BE} = {713F5148-6B75-4FE5-8964-12AE35421AB0}
		{3E897747-DD0A-4B2B-8075-79F280F919F0} = {713F5148-6B75-4FE5-8964-12AE35421AB0}
		{11E14A20-FB21-42D5-AB39-B35953D1BF2F} = {BB44A09B-28A2-4D24-A072-23DC06A51C7B}
		{6B549429-09C5-4C8F-AE80-0E22677133FD} = {BB44A09B-28A2-4D24-A072-23DC06A51C7B}
		{F150DCF1-4557-494F-9968-883BDDF7B3A8} = {BB44A09B-28A2-4D24-A072-23DC06A51C7B}
		{6E8F180E-B0BC-46BC-B0D9-9620249E6DD7} = {9BB0ABAB-1DBA-43FE-9D66-B97821622D96}
		{3B942C3F-9711-4A7F-8235-1881D672C9BA} = {9BB0ABAB-1DBA-43FE-9D66-B97821622D96}
		{DB990D26-4D07-4935-93DB-1ED81844F0FD} = {9BB0ABAB-1DBA-43FE-9D66-B97821622D96}
		{5968E07F-1A27-4578-AD92-BA806C799C54} = {C3F0D319-B204-454C-9E14-9845231B7634}
		{E4CF0D13-6E44-43A8-B8B1-6A29B2EE3952} = {C3F0D319-B204-454C-9E14-9845231B7634}
		{56161460-77D0-458A-8CB6-54F7847ED2BF} = {C3F0D319-B204-454C-9E14-9845231B7634}
		{599054A0-9289-4386-B61E-4548FA361B22} = {2BBC91C8-CC6D-4E0B-9489-E303EB870688}
		{07B1C22E-CD51-4F78-A44E-90E137C7F78F} = {2BBC91C8-CC6D-4E0B-9489-E303EB870688}
		{BDF8BC4F-6DBF-492F-B04A-B200AE075007} = {2BBC91C8-CC6D-4E0B-9489-E303EB870688}
		{1BB572E3-FFF2-4F34-8AE2-C05946D04800} = {1C42A14A-AB94-4D9E-83D2-E54AB38D03F5}
		{E757BACB-BE51-4C06-9478-513C073E575E} = {1C42A14A-AB94-4D9E-83D2-E54AB38D03F5}
		{28DE4131-D6AE-4B4C-83B7-3B05F1EB19FA} = {1C42A14A-AB94-4D9E-83D2-E54AB38D03F5}
	EndGlobalSection
	GlobalSection(ExtensibilityGlobals) = postSolution
		SolutionGuid = {4F7DE5A4-F7F7-4ED7-9A87-5A496B86A24A}
	EndGlobalSection
EndGlobal
